
Microsoft Visual Studio Solution File, Format Version 12.00
# Visual Studio 15
Project("{FAE04EC0-301F-11D3-BF4B-00C04F79EFBC}") = "Assembly-CSharp", "Assembly-CSharp.csproj", "{6AD4486F-8F67-A13E-30C2-B1B0B597E6D0}"
EndProject
Project("{FAE04EC0-301F-11D3-BF4B-00C04F79EFBC}") = "Boxophobic.Utils.Scripts", "Boxophobic.Utils.Scripts.csproj", "{9EB783D6-1C17-C7D2-CBCC-333800C5DC55}"
EndProject
Project("{FAE04EC0-301F-11D3-BF4B-00C04F79EFBC}") = "Boxophobic.Utils.Editor", "Boxophobic.Utils.Editor.csproj", "{9A958A48-44CA-EE62-340A-13AEF3B7232D}"
EndProject
Project("{FAE04EC0-301F-11D3-BF4B-00C04F79EFBC}") = "Boxophobic.SkyboxCubemapExtended.Editor", "Boxophobic.SkyboxCubemapExtended.Editor.csproj", "{AA950C79-5B54-60C8-8423-B86E65AD8718}"
EndProject
Global
	GlobalSection(SolutionConfigurationPlatforms) = preSolution
		Debug|Any CPU = Debug|Any CPU
		Release|Any CPU = Release|Any CPU
	EndGlobalSection
	GlobalSection(ProjectConfigurationPlatforms) = postSolution
		{6AD4486F-8F67-A13E-30C2-B1B0B597E6D0}.Debug|Any CPU.ActiveCfg = Debug|Any CPU
		{6AD4486F-8F67-A13E-30C2-B1B0B597E6D0}.Debug|Any CPU.Build.0 = Debug|Any CPU
		{6AD4486F-8F67-A13E-30C2-B1B0B597E6D0}.Release|Any CPU.ActiveCfg = Release|Any CPU
		{6AD4486F-8F67-A13E-30C2-B1B0B597E6D0}.Release|Any CPU.Build.0 = Release|Any CPU
		{9EB783D6-1C17-C7D2-CBCC-333800C5DC55}.Debug|Any CPU.ActiveCfg = Debug|Any CPU
		{9EB783D6-1C17-C7D2-CBCC-333800C5DC55}.Debug|Any CPU.Build.0 = Debug|Any CPU
		{9EB783D6-1C17-C7D2-CBCC-333800C5DC55}.Release|Any CPU.ActiveCfg = Release|Any CPU
		{9EB783D6-1C17-C7D2-CBCC-333800C5DC55}.Release|Any CPU.Build.0 = Release|Any CPU
		{9A958A48-44CA-EE62-340A-13AEF3B7232D}.Debug|Any CPU.ActiveCfg = Debug|Any CPU
		{9A958A48-44CA-EE62-340A-13AEF3B7232D}.Debug|Any CPU.Build.0 = Debug|Any CPU
		{9A958A48-44CA-EE62-340A-13AEF3B7232D}.Release|Any CPU.ActiveCfg = Release|Any CPU
		{9A958A48-44CA-EE62-340A-13AEF3B7232D}.Release|Any CPU.Build.0 = Release|Any CPU
		{AA950C79-5B54-60C8-8423-B86E65AD8718}.Debug|Any CPU.ActiveCfg = Debug|Any CPU
		{AA950C79-5B54-60C8-8423-B86E65AD8718}.Debug|Any CPU.Build.0 = Debug|Any CPU
		{AA950C79-5B54-60C8-8423-B86E65AD8718}.Release|Any CPU.ActiveCfg = Release|Any CPU
		{AA950C79-5B54-60C8-8423-B86E65AD8718}.Release|Any CPU.Build.0 = Release|Any CPU
	EndGlobalSection
	GlobalSection(SolutionProperties) = preSolution
		HideSolutionNode = FALSE
	EndGlobalSection
EndGlobal
